<?xml version="1.0" encoding="utf-8"?>
<Project ToolsVersion="4.0" xmlns="http://schemas.microsoft.com/developer/msbuild/2003">
  <ItemGroup>
    <Filter Include="Source Files">
      <UniqueIdentifier>{4FC737F1-C7A5-4376-A066-2A32D752A2FF}</UniqueIdentifier>
      <Extensions>cpp;c;cc;cxx;c++;def;odl;idl;hpj;bat;asm;asmx</Extensions>
    </Filter>
    <Filter Include="Header Files">
      <UniqueIdentifier>{93995380-89BD-4b04-88EB-625FBE52EBFB}</UniqueIdentifier>
      <Extensions>h;hh;hpp;hxx;h++;hm;inl;inc;ipp;xsd</Extensions>
    </Filter>
    <Filter Include="Resource Files">
      <UniqueIdentifier>{67DA6AB6-F800-4c08-8B7A-83BB121AAD01}</UniqueIdentifier>
      <Extensions>rc;ico;cur;bmp;dlg;rc2;rct;bin;rgs;gif;jpg;jpeg;jpe;resx;tiff;tif;png;wav;mfcribbon-ms</Extensions>
    </Filter>
    <Filter Include="Header Files\Maths">
      <UniqueIdentifier>{855bbc25-b4ab-4398-8a28-5d7da5b72e77}</UniqueIdentifier>
    </Filter>
    <Filter Include="Source Files\Maths">
      <UniqueIdentifier>{acf0c11b-6192-4729-93b2-a5df25c86890}</UniqueIdentifier>
    </Filter>
    <Filter Include="Header Files\Types">
      <UniqueIdentifier>{aedbdef8-8c50-452e-be15-75f656540b63}</UniqueIdentifier>
    </Filter>
    <Filter Include="Header Files\Importers">
      <UniqueIdentifier>{66526a85-3e05-4a78-ad5d-e92e266f9590}</UniqueIdentifier>
    </Filter>
    <Filter Include="Source Files\Importers">
      <UniqueIdentifier>{90017ec7-c16c-4108-91a0-ad6717677a91}</UniqueIdentifier>
    </Filter>
  </ItemGroup>
  <ItemGroup>
    <ClInclude Include="framework.h">
      <Filter>Header Files</Filter>
    </ClInclude>
    <ClInclude Include="pch.h">
      <Filter>Header Files</Filter>
    </ClInclude>
    <ClInclude Include="Matrix4x4.h">
      <Filter>Header Files\Maths</Filter>
    </ClInclude>
    <ClInclude Include="Quaternion.h">
      <Filter>Header Files\Maths</Filter>
    </ClInclude>
    <ClInclude Include="Vector3f.h">
      <Filter>Header Files\Maths</Filter>
    </ClInclude>
    <ClInclude Include="AnimBone.h">
      <Filter>Header Files\Types</Filter>
    </ClInclude>
    <ClInclude Include="SkeletonBone.h">
      <Filter>Header Files\Types</Filter>
    </ClInclude>
    <ClInclude Include="SkinVertex.h">
      <Filter>Header Files\Types</Filter>
    </ClInclude>
    <ClInclude Include="SkinImporter.h">
      <Filter>Header Files\Importers</Filter>
    </ClInclude>
    <ClInclude Include="SkeletonImporter.h">
      <Filter>Header Files\Importers</Filter>
    </ClInclude>
    <ClInclude Include="AnimImporter.h">
      <Filter>Header Files\Importers</Filter>
    </ClInclude>
    <ClInclude Include="ImporterException.h">
      <Filter>Header Files</Filter>
    </ClInclude>
    <ClInclude Include="ColladaWriter.h">
      <Filter>Header Files</Filter>
    </ClInclude>
    <ClInclude Include="EulerUtilities.h">
      <Filter>Header Files</Filter>
    </ClInclude>
    <ClInclude Include="Euler.h">
      <Filter>Header Files\Maths</Filter>
    </ClInclude>
    <ClInclude Include="resource.h">
      <Filter>Header Files</Filter>
    </ClInclude>
    <ClInclude Include="resource1.h">
      <Filter>Header Files</Filter>
    </ClInclude>
  </ItemGroup>
  <ItemGroup>
    <ClCompile Include="pch.cpp">
      <Filter>Source Files</Filter>
    </ClCompile>
    <ClCompile Include="Matrix4x4.cpp">
      <Filter>Source Files\Maths</Filter>
    </ClCompile>
    <ClCompile Include="Quaternion.cpp">
      <Filter>Source Files\Maths</Filter>
    </ClCompile>
    <ClCompile Include="Vector3f.cpp">
      <Filter>Source Files\Maths</Filter>
    </ClCompile>
    <ClCompile Include="SkinImporter.cpp">
      <Filter>Source Files\Importers</Filter>
    </ClCompile>
    <ClCompile Include="SkeletonImporter.cpp">
      <Filter>Source Files\Importers</Filter>
    </ClCompile>
    <ClCompile Include="AnimImporter.cpp">
      <Filter>Source Files\Importers</Filter>
    </ClCompile>
    <ClCompile Include="ColladaWriter.cpp">
      <Filter>Source Files</Filter>
    </ClCompile>
    <ClCompile Include="EulerUtilities.cpp">
      <Filter>Source Files</Filter>
    </ClCompile>
    <ClCompile Include="Euler.cpp">
      <Filter>Source Files\Maths</Filter>
    </ClCompile>
    <ClCompile Include="main.cpp">
      <Filter>Source Files</Filter>
    </ClCompile>
  </ItemGroup>
  <ItemGroup>
    <ResourceCompile Include="lol-to-collada.rc">
      <Filter>Resource Files</Filter>
    </ResourceCompile>
  </ItemGroup>
  <ItemGroup>
    <Image Include="..\..\..\..\Users\J-DT\Downloads\lol2collada.ico">
      <Filter>Resource Files</Filter>
    </Image>
    <Image Include="..\..\..\..\Users\J-DT\Pictures\Favicon\lol2collada.png">
      <Filter>Resource Files</Filter>
    </Image>
  </ItemGroup>
</Project>